
Microsoft Visual Studio Solution File, Format Version 12.00
# Visual Studio 15
VisualStudioVersion = 15.0.27004.2002
MinimumVisualStudioVersion = 10.0.40219.1
Project("{9A19103F-16F7-4668-BE54-9A1E7A4F7556}") = "HelloWorld", "HelloWorld\HelloWorld.csproj", "{87B59633-1E3E-47AC-9D4C-0F19D70CC572}"
EndProject
Project("{FAE04EC0-301F-11D3-BF4B-00C04F79EFBC}") = "WelcomeMessage", "WelcomeMessage\WelcomeMessage.csproj", "{71CB8C98-091F-4153-941D-39C996E78DF4}"
EndProject
Project("{FAE04EC0-301F-11D3-BF4B-00C04F79EFBC}") = "NumberFun", "NumberFun\NumberFun.csproj", "{E539A71D-403D-40D8-90D3-D55C2E67A0A2}"
EndProject
Project("{FAE04EC0-301F-11D3-BF4B-00C04F79EFBC}") = "PickADoor", "PickADoor\PickADoor.csproj", "{3887FC85-2522-4C1F-B8F0-5A02A394C6FF}"
EndProject
Project("{FAE04EC0-301F-11D3-BF4B-00C04F79EFBC}") = "AgeProgram", "AgeProgram\AgeProgram.csproj", "{24CCA956-047C-4B12-9841-54872D8BA584}"
EndProject
Project("{FAE04EC0-301F-11D3-BF4B-00C04F79EFBC}") = "Loops", "Loops\Loops.csproj", "{159802B1-D36A-41B8-B6D4-AC127D2FF8FD}"
EndProject
Project("{FAE04EC0-301F-11D3-BF4B-00C04F79EFBC}") = "GuessMyNumber", "GuessMyNumber\GuessMyNumber.csproj", "{B9A85F14-E12B-48D3-8E0E-67921BCEF078}"
EndProject
Project("{FAE04EC0-301F-11D3-BF4B-00C04F79EFBC}") = "AreaCalculator", "AreaCalculator\AreaCalculator.csproj", "{DF80FCE1-9360-42E9-ABDD-E42F909A3152}"
EndProject
Global
	GlobalSection(SolutionConfigurationPlatforms) = preSolution
		Debug|Any CPU = Debug|Any CPU
		Release|Any CPU = Release|Any CPU
	EndGlobalSection
	GlobalSection(ProjectConfigurationPlatforms) = postSolution
		{87B59633-1E3E-47AC-9D4C-0F19D70CC572}.Debug|Any CPU.ActiveCfg = Debug|Any CPU
		{87B59633-1E3E-47AC-9D4C-0F19D70CC572}.Debug|Any CPU.Build.0 = Debug|Any CPU
		{87B59633-1E3E-47AC-9D4C-0F19D70CC572}.Release|Any CPU.ActiveCfg = Release|Any CPU
		{87B59633-1E3E-47AC-9D4C-0F19D70CC572}.Release|Any CPU.Build.0 = Release|Any CPU
		{71CB8C98-091F-4153-941D-39C996E78DF4}.Debug|Any CPU.ActiveCfg = Debug|Any CPU
		{71CB8C98-091F-4153-941D-39C996E78DF4}.Debug|Any CPU.Build.0 = Debug|Any CPU
		{71CB8C98-091F-4153-941D-39C996E78DF4}.Release|Any CPU.ActiveCfg = Release|Any CPU
		{71CB8C98-091F-4153-941D-39C996E78DF4}.Release|Any CPU.Build.0 = Release|Any CPU
		{E539A71D-403D-40D8-90D3-D55C2E67A0A2}.Debug|Any CPU.ActiveCfg = Debug|Any CPU
		{E539A71D-403D-40D8-90D3-D55C2E67A0A2}.Debug|Any CPU.Build.0 = Debug|Any CPU
		{E539A71D-403D-40D8-90D3-D55C2E67A0A2}.Release|Any CPU.ActiveCfg = Release|Any CPU
		{E539A71D-403D-40D8-90D3-D55C2E67A0A2}.Release|Any CPU.Build.0 = Release|Any CPU
		{3887FC85-2522-4C1F-B8F0-5A02A394C6FF}.Debug|Any CPU.ActiveCfg = Debug|Any CPU
		{3887FC85-2522-4C1F-B8F0-5A02A394C6FF}.Debug|Any CPU.Build.0 = Debug|Any CPU
		{3887FC85-2522-4C1F-B8F0-5A02A394C6FF}.Release|Any CPU.ActiveCfg = Release|Any CPU
		{3887FC85-2522-4C1F-B8F0-5A02A394C6FF}.Release|Any CPU.Build.0 = Release|Any CPU
		{24CCA956-047C-4B12-9841-54872D8BA584}.Debug|Any CPU.ActiveCfg = Debug|Any CPU
		{24CCA956-047C-4B12-9841-54872D8BA584}.Debug|Any CPU.Build.0 = Debug|Any CPU
		{24CCA956-047C-4B12-9841-54872D8BA584}.Release|Any CPU.ActiveCfg = Release|Any CPU
		{24CCA956-047C-4B12-9841-54872D8BA584}.Release|Any CPU.Build.0 = Release|Any CPU
		{159802B1-D36A-41B8-B6D4-AC127D2FF8FD}.Debug|Any CPU.ActiveCfg = Debug|Any CPU
		{159802B1-D36A-41B8-B6D4-AC127D2FF8FD}.Debug|Any CPU.Build.0 = Debug|Any CPU
		{159802B1-D36A-41B8-B6D4-AC127D2FF8FD}.Release|Any CPU.ActiveCfg = Release|Any CPU
		{159802B1-D36A-41B8-B6D4-AC127D2FF8FD}.Release|Any CPU.Build.0 = Release|Any CPU
		{B9A85F14-E12B-48D3-8E0E-67921BCEF078}.Debug|Any CPU.ActiveCfg = Debug|Any CPU
		{B9A85F14-E12B-48D3-8E0E-67921BCEF078}.Debug|Any CPU.Build.0 = Debug|Any CPU
		{B9A85F14-E12B-48D3-8E0E-67921BCEF078}.Release|Any CPU.ActiveCfg = Release|Any CPU
		{B9A85F14-E12B-48D3-8E0E-67921BCEF078}.Release|Any CPU.Build.0 = Release|Any CPU
		{DF80FCE1-9360-42E9-ABDD-E42F909A3152}.Debug|Any CPU.ActiveCfg = Debug|Any CPU
		{DF80FCE1-9360-42E9-ABDD-E42F909A3152}.Debug|Any CPU.Build.0 = Debug|Any CPU
		{DF80FCE1-9360-42E9-ABDD-E42F909A3152}.Release|Any CPU.ActiveCfg = Release|Any CPU
		{DF80FCE1-9360-42E9-ABDD-E42F909A3152}.Release|Any CPU.Build.0 = Release|Any CPU
	EndGlobalSection
	GlobalSection(SolutionProperties) = preSolution
		HideSolutionNode = FALSE
	EndGlobalSection
	GlobalSection(ExtensibilityGlobals) = postSolution
		SolutionGuid = {07E5488F-2070-4DDC-9D37-0EDB0E0474D2}
	EndGlobalSection
EndGlobal
